#MicroXplorer Configuration settings - do not modify
File.Version=6
KeepUserPlacement=false
Mcu.Family=STM32F1
Mcu.IP0=NVIC
Mcu.IP1=RCC
Mcu.IP2=SPI1
Mcu.IP3=SPI2
Mcu.IP4=SYS
Mcu.IP5=TIM2
Mcu.IP6=USB
Mcu.IP7=USB_DEVICE
Mcu.IPNb=8
Mcu.Name=STM32F103C(8-B)Tx
Mcu.Package=LQFP48
Mcu.Pin0=PD0-OSC_IN
Mcu.Pin1=PD1-OSC_OUT
Mcu.Pin10=PB1
Mcu.Pin11=PB2
Mcu.Pin12=PB10
Mcu.Pin13=PB11
Mcu.Pin14=PB12
Mcu.Pin15=PB13
Mcu.Pin16=PB14
Mcu.Pin17=PB15
Mcu.Pin18=PA8
Mcu.Pin19=PA11
Mcu.Pin2=PA0-WKUP
Mcu.Pin20=PA12
Mcu.Pin21=PA13
Mcu.Pin22=PA14
Mcu.Pin23=PB3
Mcu.Pin24=PB4
Mcu.Pin25=PB5
Mcu.Pin26=VP_SYS_VS_tim4
Mcu.Pin27=VP_USB_DEVICE_VS_USB_DEVICE_CDC_FS
Mcu.Pin3=PA1
Mcu.Pin4=PA3
Mcu.Pin5=PA4
Mcu.Pin6=PA5
Mcu.Pin7=PA6
Mcu.Pin8=PA7
Mcu.Pin9=PB0
Mcu.PinsNb=28
Mcu.ThirdPartyNb=0
Mcu.UserConstants=
Mcu.UserName=STM32F103C8Tx
MxCube.Version=5.1.0
MxDb.Version=DB.5.0.10
NVIC.BusFault_IRQn=true\:0\:0\:false\:false\:true\:false\:false
NVIC.DebugMonitor_IRQn=true\:0\:0\:false\:false\:true\:false\:false
NVIC.HardFault_IRQn=true\:0\:0\:false\:false\:true\:false\:false
NVIC.MemoryManagement_IRQn=true\:0\:0\:false\:false\:true\:false\:false
NVIC.NonMaskableInt_IRQn=true\:0\:0\:false\:false\:true\:false\:false
NVIC.PendSV_IRQn=true\:0\:0\:false\:false\:true\:false\:false
NVIC.PriorityGroup=NVIC_PRIORITYGROUP_4
NVIC.SVCall_IRQn=true\:0\:0\:false\:false\:true\:false\:false
NVIC.SysTick_IRQn=true\:0\:0\:false\:false\:false\:false\:true
NVIC.TIM4_IRQn=true\:0\:0\:false\:false\:true\:false\:true
NVIC.TimeBase=TIM4_IRQn
NVIC.TimeBaseIP=TIM4
NVIC.USB_LP_CAN1_RX0_IRQn=true\:0\:0\:false\:false\:true\:false\:true
NVIC.UsageFault_IRQn=true\:0\:0\:false\:false\:true\:false\:false
PA0-WKUP.Signal=S_TIM2_CH1_ETR
PA1.Signal=S_TIM2_CH2
PA11.Mode=Device
PA11.Signal=USB_DM
PA12.Mode=Device
PA12.Signal=USB_DP
PA13.Mode=Trace_Asynchronous_SW
PA13.Signal=SYS_JTMS-SWDIO
PA14.Mode=Trace_Asynchronous_SW
PA14.Signal=SYS_JTCK-SWCLK
PA3.GPIOParameters=GPIO_Speed,PinState,GPIO_PuPd,GPIO_Label
PA3.GPIO_Label=DAC_SELECT_1
PA3.GPIO_PuPd=GPIO_PULLUP
PA3.GPIO_Speed=GPIO_SPEED_FREQ_HIGH
PA3.Locked=true
PA3.PinState=GPIO_PIN_SET
PA3.Signal=GPIO_Output
PA4.GPIOParameters=PinState,GPIO_PuPd,GPIO_Label
PA4.GPIO_Label=DAC_SELECT_2
PA4.GPIO_PuPd=GPIO_PULLUP
PA4.Locked=true
PA4.PinState=GPIO_PIN_SET
PA4.Signal=GPIO_Output
PA5.Mode=TX_Only_Simplex_Unidirect_Master
PA5.Signal=SPI1_SCK
PA6.GPIOParameters=PinState,GPIO_PuPd,GPIO_Label
PA6.GPIO_Label=DAC_SELECT_3
PA6.GPIO_PuPd=GPIO_PULLUP
PA6.Locked=true
PA6.PinState=GPIO_PIN_SET
PA6.Signal=GPIO_Output
PA7.Mode=TX_Only_Simplex_Unidirect_Master
PA7.Signal=SPI1_MOSI
PA8.GPIOParameters=PinState,GPIO_PuPd,GPIO_Label
PA8.GPIO_Label=LCD_SELECT
PA8.GPIO_PuPd=GPIO_PULLUP
PA8.Locked=true
PA8.PinState=GPIO_PIN_SET
PA8.Signal=GPIO_Output
PB0.GPIOParameters=PinState,GPIO_PuPd,GPIO_Label
PB0.GPIO_Label=DAC_SELECT_4
PB0.GPIO_PuPd=GPIO_PULLUP
PB0.Locked=true
PB0.PinState=GPIO_PIN_SET
PB0.Signal=GPIO_Output
PB1.GPIOParameters=PinState,GPIO_PuPd,GPIO_Label
PB1.GPIO_Label=DAC_SELECT_5
PB1.GPIO_PuPd=GPIO_PULLUP
PB1.Locked=true
PB1.PinState=GPIO_PIN_SET
PB1.Signal=GPIO_Output
PB10.GPIOParameters=PinState,GPIO_PuPd,GPIO_Label
PB10.GPIO_Label=DAC_SELECT_7
PB10.GPIO_PuPd=GPIO_PULLUP
PB10.Locked=true
PB10.PinState=GPIO_PIN_SET
PB10.Signal=GPIO_Output
PB11.GPIOParameters=PinState,GPIO_PuPd,GPIO_Label
PB11.GPIO_Label=DAC_SELECT_8
PB11.GPIO_PuPd=GPIO_PULLUP
PB11.Locked=true
PB11.PinState=GPIO_PIN_SET
PB11.Signal=GPIO_Output
PB12.GPIOParameters=GPIO_PuPd,GPIO_Label
PB12.GPIO_Label=LCD_MODE_SELECT
PB12.GPIO_PuPd=GPIO_PULLUP
PB12.Locked=true
PB12.Signal=GPIO_Output
PB13.Mode=TX_Only_Simplex_Unidirect_Master
PB13.Signal=SPI2_SCK
PB14.GPIOParameters=GPIO_PuPd,GPIO_Label
PB14.GPIO_Label=LCD_RESET
PB14.GPIO_PuPd=GPIO_PULLUP
PB14.Locked=true
PB14.Signal=GPIO_Output
PB15.Mode=TX_Only_Simplex_Unidirect_Master
PB15.Signal=SPI2_MOSI
PB2.GPIOParameters=PinState,GPIO_PuPd,GPIO_Label
PB2.GPIO_Label=DAC_SELECT_6
PB2.GPIO_PuPd=GPIO_PULLUP
PB2.Locked=true
PB2.PinState=GPIO_PIN_SET
PB2.Signal=GPIO_Output
PB3.Mode=Trace_Asynchronous_SW
PB3.Signal=SYS_JTDO-TRACESWO
PB4.GPIOParameters=GPIO_PuPd,GPIO_Label
PB4.GPIO_Label=LED_CONNECT
PB4.GPIO_PuPd=GPIO_PULLDOWN
PB4.Locked=true
PB4.Signal=GPIO_Output
PB5.GPIOParameters=GPIO_PuPd,GPIO_Label
PB5.GPIO_Label=LED_ACTIVITY
PB5.GPIO_PuPd=GPIO_PULLDOWN
PB5.Locked=true
PB5.Signal=GPIO_Output
PCC.Checker=false
PCC.Line=STM32F103
PCC.MCU=STM32F103C(8-B)Tx
PCC.PartNumber=STM32F103C8Tx
PCC.Seq0=0
PCC.Series=STM32F1
PCC.Temperature=25
PCC.Vdd=3.3
PD0-OSC_IN.Mode=HSE-External-Oscillator
PD0-OSC_IN.Signal=RCC_OSC_IN
PD1-OSC_OUT.Mode=HSE-External-Oscillator
PD1-OSC_OUT.Signal=RCC_OSC_OUT
PinOutPanel.RotationAngle=0
ProjectManager.AskForMigrate=true
ProjectManager.BackupPrevious=false
ProjectManager.CompilerOptimize=6
ProjectManager.ComputerToolchain=false
ProjectManager.CoupleFile=false
ProjectManager.CustomerFirmwarePackage=
ProjectManager.DefaultFWLocation=true
ProjectManager.DeletePrevious=true
ProjectManager.DeviceId=STM32F103C8Tx
ProjectManager.FirmwarePackage=STM32Cube FW_F1 V1.7.0
ProjectManager.FreePins=false
ProjectManager.HalAssertFull=false
ProjectManager.HeapSize=0x200
ProjectManager.KeepUserCode=true
ProjectManager.LastFirmware=true
ProjectManager.LibraryCopy=1
ProjectManager.MainLocation=Src
ProjectManager.NoMain=false
ProjectManager.PreviousToolchain=SW4STM32
ProjectManager.ProjectBuild=false
ProjectManager.ProjectFileName=firmware.ioc
ProjectManager.ProjectName=firmware
ProjectManager.StackSize=0x400
ProjectManager.TargetToolchain=SW4STM32
ProjectManager.ToolChainLocation=
ProjectManager.UnderRoot=true
ProjectManager.functionlistsort=1-MX_GPIO_Init-GPIO-false-HAL-true,2-SystemClock_Config-RCC-false-HAL-false,3-MX_SPI1_Init-SPI1-false-HAL-true,4-MX_SPI2_Init-SPI2-false-HAL-true,5-MX_TIM2_Init-TIM2-false-HAL-true,6-MX_USB_DEVICE_Init-USB_DEVICE-false-HAL-true
RCC.ADCFreqValue=24000000
RCC.AHBFreq_Value=48000000
RCC.APB1CLKDivider=RCC_HCLK_DIV2
RCC.APB1Freq_Value=24000000
RCC.APB1TimFreq_Value=48000000
RCC.APB2Freq_Value=48000000
RCC.APB2TimFreq_Value=48000000
RCC.FCLKCortexFreq_Value=48000000
RCC.FamilyName=M
RCC.HCLKFreq_Value=48000000
RCC.IPParameters=ADCFreqValue,AHBFreq_Value,APB1CLKDivider,APB1Freq_Value,APB1TimFreq_Value,APB2Freq_Value,APB2TimFreq_Value,FCLKCortexFreq_Value,FamilyName,HCLKFreq_Value,MCOFreq_Value,PLLCLKFreq_Value,PLLMCOFreq_Value,PLLMUL,SYSCLKFreq_VALUE,SYSCLKSource,TimSysFreq_Value,USBFreq_Value,VCOOutput2Freq_Value
RCC.MCOFreq_Value=48000000
RCC.PLLCLKFreq_Value=48000000
RCC.PLLMCOFreq_Value=24000000
RCC.PLLMUL=RCC_PLL_MUL6
RCC.SYSCLKFreq_VALUE=48000000
RCC.SYSCLKSource=RCC_SYSCLKSOURCE_PLLCLK
RCC.TimSysFreq_Value=48000000
RCC.USBFreq_Value=48000000
RCC.VCOOutput2Freq_Value=8000000
SH.S_TIM2_CH1_ETR.0=TIM2_CH1,Encoder_Interface
SH.S_TIM2_CH1_ETR.ConfNb=1
SH.S_TIM2_CH2.0=TIM2_CH2,Encoder_Interface
SH.S_TIM2_CH2.ConfNb=1
SPI1.BaudRatePrescaler=SPI_BAUDRATEPRESCALER_4
SPI1.CalculateBaudRate=12.0 MBits/s
SPI1.DataSize=SPI_DATASIZE_16BIT
SPI1.Direction=SPI_DIRECTION_2LINES
SPI1.IPParameters=VirtualType,Mode,Direction,CalculateBaudRate,BaudRatePrescaler,DataSize
SPI1.Mode=SPI_MODE_MASTER
SPI1.VirtualType=VM_MASTER
SPI2.CalculateBaudRate=12.0 MBits/s
SPI2.Direction=SPI_DIRECTION_2LINES
SPI2.IPParameters=VirtualType,Mode,Direction,CalculateBaudRate
SPI2.Mode=SPI_MODE_MASTER
SPI2.VirtualType=VM_MASTER
TIM2.IPParameters=Period
TIM2.Period=255
USB_DEVICE.CLASS_NAME_FS=CDC
USB_DEVICE.CONFIGURATION_STRING_CDC_FS=MIDI Config
USB_DEVICE.INTERFACE_STRING_CDC_FS=MIDI Interface
USB_DEVICE.IPParameters=VirtualMode,VirtualModeFS,CLASS_NAME_FS,MANUFACTURER_STRING,PRODUCT_STRING_CDC_FS,CONFIGURATION_STRING_CDC_FS,INTERFACE_STRING_CDC_FS
USB_DEVICE.MANUFACTURER_STRING=elektrophon
USB_DEVICE.PRODUCT_STRING_CDC_FS=Kontakt
USB_DEVICE.VirtualMode=Cdc
USB_DEVICE.VirtualModeFS=Cdc_FS
VP_SYS_VS_tim4.Mode=TIM4
VP_SYS_VS_tim4.Signal=SYS_VS_tim4
VP_USB_DEVICE_VS_USB_DEVICE_CDC_FS.Mode=CDC_FS
VP_USB_DEVICE_VS_USB_DEVICE_CDC_FS.Signal=USB_DEVICE_VS_USB_DEVICE_CDC_FS
board=custom
